// !$*UTF8*$!
{
	archiveVersion = 1;
	classes = {
	};
	objectVersion = 55;
	objects = {

/* Begin PBXBuildFile section */
		DB38D01228C22B940010B2EA /* Syncopate-Regular.ttf in Resources */ = {isa = PBXBuildFile; fileRef = DB38D01128C22B940010B2EA /* Syncopate-Regular.ttf */; };
		DB38D01428C22D020010B2EA /* Ext+Font.swift in Sources */ = {isa = PBXBuildFile; fileRef = DB38D01328C22D020010B2EA /* Ext+Font.swift */; };
		DB38D01628C245D10010B2EA /* Ext+TextField.swift in Sources */ = {isa = PBXBuildFile; fileRef = DB38D01528C245D10010B2EA /* Ext+TextField.swift */; };
		DB38D01928C246B00010B2EA /* Ext+UIColor.swift in Sources */ = {isa = PBXBuildFile; fileRef = DB38D01828C246B00010B2EA /* Ext+UIColor.swift */; };
		DB82A9B928BFB963000AD429 /* AppDelegate.swift in Sources */ = {isa = PBXBuildFile; fileRef = DB82A9B828BFB963000AD429 /* AppDelegate.swift */; };
		DB82A9BB28BFB963000AD429 /* SceneDelegate.swift in Sources */ = {isa = PBXBuildFile; fileRef = DB82A9BA28BFB963000AD429 /* SceneDelegate.swift */; };
		DB82A9BD28BFB963000AD429 /* EntryViewController.swift in Sources */ = {isa = PBXBuildFile; fileRef = DB82A9BC28BFB963000AD429 /* EntryViewController.swift */; };
		DB82A9C228BFB965000AD429 /* Assets.xcassets in Resources */ = {isa = PBXBuildFile; fileRef = DB82A9C128BFB965000AD429 /* Assets.xcassets */; };
		DB82A9C528BFB965000AD429 /* LaunchScreen.storyboard in Resources */ = {isa = PBXBuildFile; fileRef = DB82A9C328BFB965000AD429 /* LaunchScreen.storyboard */; };
		DB82A9CD28BFB9E9000AD429 /* EntryViewModel.swift in Sources */ = {isa = PBXBuildFile; fileRef = DB82A9CC28BFB9E9000AD429 /* EntryViewModel.swift */; };
		DB82A9D028BFBBDE000AD429 /* TextFieldViews.swift in Sources */ = {isa = PBXBuildFile; fileRef = DB82A9CF28BFBBDE000AD429 /* TextFieldViews.swift */; };
		DBA44F1828C0D1BE00E71329 /* LayoutViews.swift in Sources */ = {isa = PBXBuildFile; fileRef = DBA44F1728C0D1BE00E71329 /* LayoutViews.swift */; };
		DBA44F1A28C0D67200E71329 /* ButtonViews.swift in Sources */ = {isa = PBXBuildFile; fileRef = DBA44F1928C0D67200E71329 /* ButtonViews.swift */; };
		DBA44F1C28C0DA5F00E71329 /* Ext+LoadEntryVC.swift in Sources */ = {isa = PBXBuildFile; fileRef = DBA44F1B28C0DA5F00E71329 /* Ext+LoadEntryVC.swift */; };
		DBBE48B928C5FFD700608A8F /* DashboardViewController.swift in Sources */ = {isa = PBXBuildFile; fileRef = DBBE48B828C5FFD700608A8F /* DashboardViewController.swift */; };
/* End PBXBuildFile section */

/* Begin PBXFileReference section */
		DB38D01128C22B940010B2EA /* Syncopate-Regular.ttf */ = {isa = PBXFileReference; lastKnownFileType = file; path = "Syncopate-Regular.ttf"; sourceTree = "<group>"; };
		DB38D01328C22D020010B2EA /* Ext+Font.swift */ = {isa = PBXFileReference; lastKnownFileType = sourcecode.swift; path = "Ext+Font.swift"; sourceTree = "<group>"; };
		DB38D01528C245D10010B2EA /* Ext+TextField.swift */ = {isa = PBXFileReference; lastKnownFileType = sourcecode.swift; path = "Ext+TextField.swift"; sourceTree = "<group>"; };
		DB38D01828C246B00010B2EA /* Ext+UIColor.swift */ = {isa = PBXFileReference; lastKnownFileType = sourcecode.swift; path = "Ext+UIColor.swift"; sourceTree = "<group>"; };
		DB82A9B528BFB963000AD429 /* CombinedLogin.app */ = {isa = PBXFileReference; explicitFileType = wrapper.application; includeInIndex = 0; path = CombinedLogin.app; sourceTree = BUILT_PRODUCTS_DIR; };
		DB82A9B828BFB963000AD429 /* AppDelegate.swift */ = {isa = PBXFileReference; lastKnownFileType = sourcecode.swift; path = AppDelegate.swift; sourceTree = "<group>"; };
		DB82A9BA28BFB963000AD429 /* SceneDelegate.swift */ = {isa = PBXFileReference; lastKnownFileType = sourcecode.swift; path = SceneDelegate.swift; sourceTree = "<group>"; };
		DB82A9BC28BFB963000AD429 /* EntryViewController.swift */ = {isa = PBXFileReference; lastKnownFileType = sourcecode.swift; path = EntryViewController.swift; sourceTree = "<group>"; };
		DB82A9C128BFB965000AD429 /* Assets.xcassets */ = {isa = PBXFileReference; lastKnownFileType = folder.assetcatalog; path = Assets.xcassets; sourceTree = "<group>"; };
		DB82A9C428BFB965000AD429 /* Base */ = {isa = PBXFileReference; lastKnownFileType = file.storyboard; name = Base; path = Base.lproj/LaunchScreen.storyboard; sourceTree = "<group>"; };
		DB82A9C628BFB965000AD429 /* Info.plist */ = {isa = PBXFileReference; lastKnownFileType = text.plist.xml; path = Info.plist; sourceTree = "<group>"; };
		DB82A9CC28BFB9E9000AD429 /* EntryViewModel.swift */ = {isa = PBXFileReference; lastKnownFileType = sourcecode.swift; path = EntryViewModel.swift; sourceTree = "<group>"; };
		DB82A9CF28BFBBDE000AD429 /* TextFieldViews.swift */ = {isa = PBXFileReference; lastKnownFileType = sourcecode.swift; path = TextFieldViews.swift; sourceTree = "<group>"; };
		DBA44F1728C0D1BE00E71329 /* LayoutViews.swift */ = {isa = PBXFileReference; lastKnownFileType = sourcecode.swift; path = LayoutViews.swift; sourceTree = "<group>"; };
		DBA44F1928C0D67200E71329 /* ButtonViews.swift */ = {isa = PBXFileReference; lastKnownFileType = sourcecode.swift; path = ButtonViews.swift; sourceTree = "<group>"; };
		DBA44F1B28C0DA5F00E71329 /* Ext+LoadEntryVC.swift */ = {isa = PBXFileReference; lastKnownFileType = sourcecode.swift; path = "Ext+LoadEntryVC.swift"; sourceTree = "<group>"; };
		DBBE48B828C5FFD700608A8F /* DashboardViewController.swift */ = {isa = PBXFileReference; lastKnownFileType = sourcecode.swift; path = DashboardViewController.swift; sourceTree = "<group>"; };
/* End PBXFileReference section */

/* Begin PBXFrameworksBuildPhase section */
		DB82A9B228BFB963000AD429 /* Frameworks */ = {
			isa = PBXFrameworksBuildPhase;
			buildActionMask = 2147483647;
			files = (
			);
			runOnlyForDeploymentPostprocessing = 0;
		};
/* End PBXFrameworksBuildPhase section */

/* Begin PBXGroup section */
		DB38D01028C22B7F0010B2EA /* fonts */ = {
			isa = PBXGroup;
			children = (
				DB38D01128C22B940010B2EA /* Syncopate-Regular.ttf */,
				DB38D01328C22D020010B2EA /* Ext+Font.swift */,
			);
			path = fonts;
			sourceTree = "<group>";
		};
		DB38D01728C245E20010B2EA /* Utility */ = {
			isa = PBXGroup;
			children = (
				DB38D01528C245D10010B2EA /* Ext+TextField.swift */,
				DB38D01828C246B00010B2EA /* Ext+UIColor.swift */,
			);
			path = Utility;
			sourceTree = "<group>";
		};
		DB82A9AC28BFB963000AD429 = {
			isa = PBXGroup;
			children = (
				DB82A9B728BFB963000AD429 /* CombinedLogin */,
				DB82A9B628BFB963000AD429 /* Products */,
			);
			sourceTree = "<group>";
		};
		DB82A9B628BFB963000AD429 /* Products */ = {
			isa = PBXGroup;
			children = (
				DB82A9B528BFB963000AD429 /* CombinedLogin.app */,
			);
			name = Products;
			sourceTree = "<group>";
		};
		DB82A9B728BFB963000AD429 /* CombinedLogin */ = {
			isa = PBXGroup;
			children = (
				DB82A9B828BFB963000AD429 /* AppDelegate.swift */,
				DB82A9BA28BFB963000AD429 /* SceneDelegate.swift */,
				DB38D01728C245E20010B2EA /* Utility */,
				DB82A9D128BFBBE5000AD429 /* Views */,
				DB82A9CE28BFBA07000AD429 /* EntryVC */,
				DBBE48BA28C5FFDB00608A8F /* DashboardVC */,
				DB82A9C128BFB965000AD429 /* Assets.xcassets */,
				DB38D01028C22B7F0010B2EA /* fonts */,
				DB82A9C328BFB965000AD429 /* LaunchScreen.storyboard */,
				DB82A9C628BFB965000AD429 /* Info.plist */,
			);
			path = CombinedLogin;
			sourceTree = "<group>";
		};
		DB82A9CE28BFBA07000AD429 /* EntryVC */ = {
			isa = PBXGroup;
			children = (
				DB82A9CC28BFB9E9000AD429 /* EntryViewModel.swift */,
				DB82A9BC28BFB963000AD429 /* EntryViewController.swift */,
				DBA44F1B28C0DA5F00E71329 /* Ext+LoadEntryVC.swift */,
			);
			path = EntryVC;
			sourceTree = "<group>";
		};
		DB82A9D128BFBBE5000AD429 /* Views */ = {
			isa = PBXGroup;
			children = (
				DB82A9CF28BFBBDE000AD429 /* TextFieldViews.swift */,
				DBA44F1728C0D1BE00E71329 /* LayoutViews.swift */,
				DBA44F1928C0D67200E71329 /* ButtonViews.swift */,
			);
			path = Views;
			sourceTree = "<group>";
		};
		DBBE48BA28C5FFDB00608A8F /* DashboardVC */ = {
			isa = PBXGroup;
			children = (
				DBBE48B828C5FFD700608A8F /* DashboardViewController.swift */,
			);
			path = DashboardVC;
			sourceTree = "<group>";
		};
/* End PBXGroup section */

/* Begin PBXNativeTarget section */
		DB82A9B428BFB963000AD429 /* CombinedLogin */ = {
			isa = PBXNativeTarget;
			buildConfigurationList = DB82A9C928BFB965000AD429 /* Build configuration list for PBXNativeTarget "CombinedLogin" */;
			buildPhases = (
				DB82A9B128BFB963000AD429 /* Sources */,
				DB82A9B228BFB963000AD429 /* Frameworks */,
				DB82A9B328BFB963000AD429 /* Resources */,
			);
			buildRules = (
			);
			dependencies = (
			);
			name = CombinedLogin;
			productName = CombinedLogin;
			productReference = DB82A9B528BFB963000AD429 /* CombinedLogin.app */;
			productType = "com.apple.product-type.application";
		};
/* End PBXNativeTarget section */

/* Begin PBXProject section */
		DB82A9AD28BFB963000AD429 /* Project object */ = {
			isa = PBXProject;
			attributes = {
				BuildIndependentTargetsInParallel = 1;
				LastSwiftUpdateCheck = 1340;
				LastUpgradeCheck = 1340;
				TargetAttributes = {
					DB82A9B428BFB963000AD429 = {
						CreatedOnToolsVersion = 13.4;
					};
				};
			};
			buildConfigurationList = DB82A9B028BFB963000AD429 /* Build configuration list for PBXProject "CombinedLogin" */;
			compatibilityVersion = "Xcode 13.0";
			developmentRegion = en;
			hasScannedForEncodings = 0;
			knownRegions = (
				en,
				Base,
			);
			mainGroup = DB82A9AC28BFB963000AD429;
			productRefGroup = DB82A9B628BFB963000AD429 /* Products */;
			projectDirPath = "";
			projectRoot = "";
			targets = (
				DB82A9B428BFB963000AD429 /* CombinedLogin */,
			);
		};
/* End PBXProject section */

/* Begin PBXResourcesBuildPhase section */
		DB82A9B328BFB963000AD429 /* Resources */ = {
			isa = PBXResourcesBuildPhase;
			buildActionMask = 2147483647;
			files = (
				DB38D01228C22B940010B2EA /* Syncopate-Regular.ttf in Resources */,
				DB82A9C528BFB965000AD429 /* LaunchScreen.storyboard in Resources */,
				DB82A9C228BFB965000AD429 /* Assets.xcassets in Resources */,
			);
			runOnlyForDeploymentPostprocessing = 0;
		};
/* End PBXResourcesBuildPhase section */

/* Begin PBXSourcesBuildPhase section */
		DB82A9B128BFB963000AD429 /* Sources */ = {
			isa = PBXSourcesBuildPhase;
			buildActionMask = 2147483647;
			files = (
				DBA44F1A28C0D67200E71329 /* ButtonViews.swift in Sources */,
				DB82A9BD28BFB963000AD429 /* EntryViewController.swift in Sources */,
				DB82A9CD28BFB9E9000AD429 /* EntryViewModel.swift in Sources */,
				DBA44F1828C0D1BE00E71329 /* LayoutViews.swift in Sources */,
				DB38D01428C22D020010B2EA /* Ext+Font.swift in Sources */,
				DB38D01628C245D10010B2EA /* Ext+TextField.swift in Sources */,
				DB82A9D028BFBBDE000AD429 /* TextFieldViews.swift in Sources */,
				DBBE48B928C5FFD700608A8F /* DashboardViewController.swift in Sources */,
				DB38D01928C246B00010B2EA /* Ext+UIColor.swift in Sources */,
				DB82A9B928BFB963000AD429 /* AppDelegate.swift in Sources */,
				DB82A9BB28BFB963000AD429 /* SceneDelegate.swift in Sources */,
				DBA44F1C28C0DA5F00E71329 /* Ext+LoadEntryVC.swift in Sources */,
			);
			runOnlyForDeploymentPostprocessing = 0;
		};
/* End PBXSourcesBuildPhase section */

/* Begin PBXVariantGroup section */
		DB82A9C328BFB965000AD429 /* LaunchScreen.storyboard */ = {
			isa = PBXVariantGroup;
			children = (
				DB82A9C428BFB965000AD429 /* Base */,
			);
			name = LaunchScreen.storyboard;
			sourceTree = "<group>";
		};
/* End PBXVariantGroup section */

/* Begin XCBuildConfiguration section */
		DB82A9C728BFB965000AD429 /* Debug */ = {
			isa = XCBuildConfiguration;
			buildSettings = {
				ALWAYS_SEARCH_USER_PATHS = NO;
				CLANG_ANALYZER_NONNULL = YES;
				CLANG_ANALYZER_NUMBER_OBJECT_CONVERSION = YES_AGGRESSIVE;
				CLANG_CXX_LANGUAGE_STANDARD = "gnu++17";
				CLANG_ENABLE_MODULES = YES;
				CLANG_ENABLE_OBJC_ARC = YES;
				CLANG_ENABLE_OBJC_WEAK = YES;
				CLANG_WARN_BLOCK_CAPTURE_AUTORELEASING = YES;
				CLANG_WARN_BOOL_CONVERSION = YES;
				CLANG_WARN_COMMA = YES;
				CLANG_WARN_CONSTANT_CONVERSION = YES;
				CLANG_WARN_DEPRECATED_OBJC_IMPLEMENTATIONS = YES;
				CLANG_WARN_DIRECT_OBJC_ISA_USAGE = YES_ERROR;
				CLANG_WARN_DOCUMENTATION_COMMENTS = YES;
				CLANG_WARN_EMPTY_BODY = YES;
				CLANG_WARN_ENUM_CONVERSION = YES;
				CLANG_WARN_INFINITE_RECURSION = YES;
				CLANG_WARN_INT_CONVERSION = YES;
				CLANG_WARN_NON_LITERAL_NULL_CONVERSION = YES;
				CLANG_WARN_OBJC_IMPLICIT_RETAIN_SELF = YES;
				CLANG_WARN_OBJC_LITERAL_CONVERSION = YES;
				CLANG_WARN_OBJC_ROOT_CLASS = YES_ERROR;
				CLANG_WARN_QUOTED_INCLUDE_IN_FRAMEWORK_HEADER = YES;
				CLANG_WARN_RANGE_LOOP_ANALYSIS = YES;
				CLANG_WARN_STRICT_PROTOTYPES = YES;
				CLANG_WARN_SUSPICIOUS_MOVE = YES;
				CLANG_WARN_UNGUARDED_AVAILABILITY = YES_AGGRESSIVE;
				CLANG_WARN_UNREACHABLE_CODE = YES;
				CLANG_WARN__DUPLICATE_METHOD_MATCH = YES;
				COPY_PHASE_STRIP = NO;
				DEBUG_INFORMATION_FORMAT = dwarf;
				ENABLE_STRICT_OBJC_MSGSEND = YES;
				ENABLE_TESTABILITY = YES;
				GCC_C_LANGUAGE_STANDARD = gnu11;
				GCC_DYNAMIC_NO_PIC = NO;
				GCC_NO_COMMON_BLOCKS = YES;
				GCC_OPTIMIZATION_LEVEL = 0;
				GCC_PREPROCESSOR_DEFINITIONS = (
					"DEBUG=1",
					"$(inherited)",
				);
				GCC_WARN_64_TO_32_BIT_CONVERSION = YES;
				GCC_WARN_ABOUT_RETURN_TYPE = YES_ERROR;
				GCC_WARN_UNDECLARED_SELECTOR = YES;
				GCC_WARN_UNINITIALIZED_AUTOS = YES_AGGRESSIVE;
				GCC_WARN_UNUSED_FUNCTION = YES;
				GCC_WARN_UNUSED_VARIABLE = YES;
				IPHONEOS_DEPLOYMENT_TARGET = 15.5;
				MTL_ENABLE_DEBUG_INFO = INCLUDE_SOURCE;
				MTL_FAST_MATH = YES;
				ONLY_ACTIVE_ARCH = YES;
				SDKROOT = iphoneos;
				SWIFT_ACTIVE_COMPILATION_CONDITIONS = DEBUG;
				SWIFT_OPTIMIZATION_LEVEL = "-Onone";
			};
			name = Debug;
		};
		DB82A9C828BFB965000AD429 /* Release */ = {
			isa = XCBuildConfiguration;
			buildSettings = {
				ALWAYS_SEARCH_USER_PATHS = NO;
				CLANG_ANALYZER_NONNULL = YES;
				CLANG_ANALYZER_NUMBER_OBJECT_CONVERSION = YES_AGGRESSIVE;
				CLANG_CXX_LANGUAGE_STANDARD = "gnu++17";
				CLANG_ENABLE_MODULES = YES;
				CLANG_ENABLE_OBJC_ARC = YES;
				CLANG_ENABLE_OBJC_WEAK = YES;
				CLANG_WARN_BLOCK_CAPTURE_AUTORELEASING = YES;
				CLANG_WARN_BOOL_CONVERSION = YES;
				CLANG_WARN_COMMA = YES;
				CLANG_WARN_CONSTANT_CONVERSION = YES;
				CLANG_WARN_DEPRECATED_OBJC_IMPLEMENTATIONS = YES;
				CLANG_WARN_DIRECT_OBJC_ISA_USAGE = YES_ERROR;
				CLANG_WARN_DOCUMENTATION_COMMENTS = YES;
				CLANG_WARN_EMPTY_BODY = YES;
				CLANG_WARN_ENUM_CONVERSION = YES;
				CLANG_WARN_INFINITE_RECURSION = YES;
				CLANG_WARN_INT_CONVERSION = YES;
				CLANG_WARN_NON_LITERAL_NULL_CONVERSION = YES;
				CLANG_WARN_OBJC_IMPLICIT_RETAIN_SELF = YES;
				CLANG_WARN_OBJC_LITERAL_CONVERSION = YES;
				CLANG_WARN_OBJC_ROOT_CLASS = YES_ERROR;
				CLANG_WARN_QUOTED_INCLUDE_IN_FRAMEWORK_HEADER = YES;
				CLANG_WARN_RANGE_LOOP_ANALYSIS = YES;
				CLANG_WARN_STRICT_PROTOTYPES = YES;
				CLANG_WARN_SUSPICIOUS_MOVE = YES;
				CLANG_WARN_UNGUARDED_AVAILABILITY = YES_AGGRESSIVE;
				CLANG_WARN_UNREACHABLE_CODE = YES;
				CLANG_WARN__DUPLICATE_METHOD_MATCH = YES;
				COPY_PHASE_STRIP = NO;
				DEBUG_INFORMATION_FORMAT = "dwarf-with-dsym";
				ENABLE_NS_ASSERTIONS = NO;
				ENABLE_STRICT_OBJC_MSGSEND = YES;
				GCC_C_LANGUAGE_STANDARD = gnu11;
				GCC_NO_COMMON_BLOCKS = YES;
				GCC_WARN_64_TO_32_BIT_CONVERSION = YES;
				GCC_WARN_ABOUT_RETURN_TYPE = YES_ERROR;
				GCC_WARN_UNDECLARED_SELECTOR = YES;
				GCC_WARN_UNINITIALIZED_AUTOS = YES_AGGRESSIVE;
				GCC_WARN_UNUSED_FUNCTION = YES;
				GCC_WARN_UNUSED_VARIABLE = YES;
				IPHONEOS_DEPLOYMENT_TARGET = 15.5;
				MTL_ENABLE_DEBUG_INFO = NO;
				MTL_FAST_MATH = YES;
				SDKROOT = iphoneos;
				SWIFT_COMPILATION_MODE = wholemodule;
				SWIFT_OPTIMIZATION_LEVEL = "-O";
				VALIDATE_PRODUCT = YES;
			};
			name = Release;
		};
		DB82A9CA28BFB965000AD429 /* Debug */ = {
			isa = XCBuildConfiguration;
			buildSettings = {
				ASSETCATALOG_COMPILER_APPICON_NAME = AppIcon;
				ASSETCATALOG_COMPILER_GLOBAL_ACCENT_COLOR_NAME = AccentColor;
				CODE_SIGN_STYLE = Automatic;
				CURRENT_PROJECT_VERSION = 1;
				DEVELOPMENT_TEAM = KHDB3W3N3A;
				GENERATE_INFOPLIST_FILE = YES;
				INFOPLIST_FILE = CombinedLogin/Info.plist;
				INFOPLIST_KEY_UIApplicationSupportsIndirectInputEvents = YES;
				INFOPLIST_KEY_UILaunchStoryboardName = LaunchScreen;
				INFOPLIST_KEY_UISupportedInterfaceOrientations_iPad = "UIInterfaceOrientationPortrait UIInterfaceOrientationPortraitUpsideDown UIInterfaceOrientationLandscapeLeft UIInterfaceOrientationLandscapeRight";
				INFOPLIST_KEY_UISupportedInterfaceOrientations_iPhone = "UIInterfaceOrientationPortrait UIInterfaceOrientationLandscapeLeft UIInterfaceOrientationLandscapeRight";
				LD_RUNPATH_SEARCH_PATHS = (
					"$(inherited)",
					"@executable_path/Frameworks",
				);
				MARKETING_VERSION = 1.0;
				PRODUCT_BUNDLE_IDENTIFIER = com.viktorcoding.CombinedLogin;
				PRODUCT_NAME = "$(TARGET_NAME)";
				SWIFT_EMIT_LOC_STRINGS = YES;
				SWIFT_VERSION = 5.0;
				TARGETED_DEVICE_FAMILY = "1,2";
			};
			name = Debug;
		};
		DB82A9CB28BFB965000AD429 /* Release */ = {
			isa = XCBuildConfiguration;
			buildSettings = {
				ASSETCATALOG_COMPILER_APPICON_NAME = AppIcon;
				ASSETCATALOG_COMPILER_GLOBAL_ACCENT_COLOR_NAME = AccentColor;
				CODE_SIGN_STYLE = Automatic;
				CURRENT_PROJECT_VERSION = 1;
				DEVELOPMENT_TEAM = KHDB3W3N3A;
				GENERATE_INFOPLIST_FILE = YES;
				INFOPLIST_FILE = CombinedLogin/Info.plist;
				INFOPLIST_KEY_UIApplicationSupportsIndirectInputEvents = YES;
				INFOPLIST_KEY_UILaunchStoryboardName = LaunchScreen;
				INFOPLIST_KEY_UISupportedInterfaceOrientations_iPad = "UIInterfaceOrientationPortrait UIInterfaceOrientationPortraitUpsideDown UIInterfaceOrientationLandscapeLeft UIInterfaceOrientationLandscapeRight";
				INFOPLIST_KEY_UISupportedInterfaceOrientations_iPhone = "UIInterfaceOrientationPortrait UIInterfaceOrientationLandscapeLeft UIInterfaceOrientationLandscapeRight";
				LD_RUNPATH_SEARCH_PATHS = (
					"$(inherited)",
					"@executable_path/Frameworks",
				);
				MARKETING_VERSION = 1.0;
				PRODUCT_BUNDLE_IDENTIFIER = com.viktorcoding.CombinedLogin;
				PRODUCT_NAME = "$(TARGET_NAME)";
				SWIFT_EMIT_LOC_STRINGS = YES;
				SWIFT_VERSION = 5.0;
				TARGETED_DEVICE_FAMILY = "1,2";
			};
			name = Release;
		};
/* End XCBuildConfiguration section */

/* Begin XCConfigurationList section */
		DB82A9B028BFB963000AD429 /* Build configuration list for PBXProject "CombinedLogin" */ = {
			isa = XCConfigurationList;
			buildConfigurations = (
				DB82A9C728BFB965000AD429 /* Debug */,
				DB82A9C828BFB965000AD429 /* Release */,
			);
			defaultConfigurationIsVisible = 0;
			defaultConfigurationName = Release;
		};
		DB82A9C928BFB965000AD429 /* Build configuration list for PBXNativeTarget "CombinedLogin" */ = {
			isa = XCConfigurationList;
			buildConfigurations = (
				DB82A9CA28BFB965000AD429 /* Debug */,
				DB82A9CB28BFB965000AD429 /* Release */,
			);
			defaultConfigurationIsVisible = 0;
			defaultConfigurationName = Release;
		};
/* End XCConfigurationList section */
	};
	rootObject = DB82A9AD28BFB963000AD429 /* Project object */;
}
